
Microsoft Visual Studio Solution File, Format Version 12.00
# Visual Studio Version 17
VisualStudioVersion = 17.12.35323.107
MinimumVisualStudioVersion = 10.0.40219.1
Project("{FAE04EC0-301F-11D3-BF4B-00C04F79EFBC}") = "SJTUGeek.MCP.Test", "SJTUGeek.MCP.Test\SJTUGeek.MCP.Test.csproj", "{12CE2EC5-8E44-4760-8A38-FAE8DCF83EAF}"
EndProject
Project("{FAE04EC0-301F-11D3-BF4B-00C04F79EFBC}") = "ModelContextProtocol", "mcp-csharp-sdk\src\ModelContextProtocol\ModelContextProtocol.csproj", "{60BCDE48-29CE-C11A-A01C-90C532197189}"
EndProject
Project("{FAE04EC0-301F-11D3-BF4B-00C04F79EFBC}") = "ModelContextProtocol.AspNetCore", "mcp-csharp-sdk\src\ModelContextProtocol.AspNetCore\ModelContextProtocol.AspNetCore.csproj", "{2BB26836-D443-A2B5-9285-C3239CD411D1}"
EndProject
Project("{FAE04EC0-301F-11D3-BF4B-00C04F79EFBC}") = "SJTUGeek.MCP.Server", "SJTUGeek.MCP.Server\SJTUGeek.MCP.Server.csproj", "{5ECA5D2E-25C4-4C51-90FC-05CC185EE991}"
EndProject
Project("{888888A0-9F3D-457C-B088-3A5042F75D52}") = "SJTUGeek.MCP.Scripts", "SJTUGeek.MCP.Scripts\SJTUGeek.MCP.Scripts.pyproj", "{E4994378-F3ED-4B99-AD7E-81B24FE08A94}"
EndProject
Global
	GlobalSection(SolutionConfigurationPlatforms) = preSolution
		Debug|Any CPU = Debug|Any CPU
		Release|Any CPU = Release|Any CPU
	EndGlobalSection
	GlobalSection(ProjectConfigurationPlatforms) = postSolution
		{12CE2EC5-8E44-4760-8A38-FAE8DCF83EAF}.Debug|Any CPU.ActiveCfg = Debug|Any CPU
		{12CE2EC5-8E44-4760-8A38-FAE8DCF83EAF}.Debug|Any CPU.Build.0 = Debug|Any CPU
		{12CE2EC5-8E44-4760-8A38-FAE8DCF83EAF}.Release|Any CPU.ActiveCfg = Release|Any CPU
		{12CE2EC5-8E44-4760-8A38-FAE8DCF83EAF}.Release|Any CPU.Build.0 = Release|Any CPU
		{60BCDE48-29CE-C11A-A01C-90C532197189}.Debug|Any CPU.ActiveCfg = Debug|Any CPU
		{60BCDE48-29CE-C11A-A01C-90C532197189}.Debug|Any CPU.Build.0 = Debug|Any CPU
		{60BCDE48-29CE-C11A-A01C-90C532197189}.Release|Any CPU.ActiveCfg = Release|Any CPU
		{60BCDE48-29CE-C11A-A01C-90C532197189}.Release|Any CPU.Build.0 = Release|Any CPU
		{2BB26836-D443-A2B5-9285-C3239CD411D1}.Debug|Any CPU.ActiveCfg = Debug|Any CPU
		{2BB26836-D443-A2B5-9285-C3239CD411D1}.Debug|Any CPU.Build.0 = Debug|Any CPU
		{2BB26836-D443-A2B5-9285-C3239CD411D1}.Release|Any CPU.ActiveCfg = Release|Any CPU
		{2BB26836-D443-A2B5-9285-C3239CD411D1}.Release|Any CPU.Build.0 = Release|Any CPU
		{5ECA5D2E-25C4-4C51-90FC-05CC185EE991}.Debug|Any CPU.ActiveCfg = Debug|Any CPU
		{5ECA5D2E-25C4-4C51-90FC-05CC185EE991}.Debug|Any CPU.Build.0 = Debug|Any CPU
		{5ECA5D2E-25C4-4C51-90FC-05CC185EE991}.Release|Any CPU.ActiveCfg = Release|Any CPU
		{5ECA5D2E-25C4-4C51-90FC-05CC185EE991}.Release|Any CPU.Build.0 = Release|Any CPU
		{E4994378-F3ED-4B99-AD7E-81B24FE08A94}.Debug|Any CPU.ActiveCfg = Debug|Any CPU
		{E4994378-F3ED-4B99-AD7E-81B24FE08A94}.Release|Any CPU.ActiveCfg = Release|Any CPU
	EndGlobalSection
	GlobalSection(SolutionProperties) = preSolution
		HideSolutionNode = FALSE
	EndGlobalSection
	GlobalSection(ExtensibilityGlobals) = postSolution
		SolutionGuid = {9B585F84-9E8A-4B50-AB1C-5076D12C07F0}
	EndGlobalSection
EndGlobal
